Microsoft Visual Studio Solution File, Format Version 12.00
# Visual Studio Version 17
VisualStudioVersion = 17.5.2.0
MinimumVisualStudioVersion = 10.0.40219.1
Project("{FAE04EC0-301F-11D3-BF4B-00C04F79EFBC}") = "EnvoiceProject", "EnvoiceProject.csproj", "{126787D0-6817-429E-D4B4-AEB04A0AEDBB}"
EndProject
Global
	GlobalSection(SolutionConfigurationPlatforms) = preSolution
		Debug|Any CPU = Debug|Any CPU
		Release|Any CPU = Release|Any CPU
	EndGlobalSection
	GlobalSection(ProjectConfigurationPlatforms) = postSolution
		{126787D0-6817-429E-D4B4-AEB04A0AEDBB}.Debug|Any CPU.ActiveCfg = Debug|Any CPU
		{126787D0-6817-429E-D4B4-AEB04A0AEDBB}.Debug|Any CPU.Build.0 = Debug|Any CPU
		{126787D0-6817-429E-D4B4-AEB04A0AEDBB}.Release|Any CPU.ActiveCfg = Release|Any CPU
		{126787D0-6817-429E-D4B4-AEB04A0AEDBB}.Release|Any CPU.Build.0 = Release|Any CPU
	EndGlobalSection
	GlobalSection(SolutionProperties) = preSolution
		HideSolutionNode = FALSE
	EndGlobalSection
	GlobalSection(ExtensibilityGlobals) = postSolution
		SolutionGuid = {3074B07C-5244-495C-AF78-F1DEDA2B5906}
	EndGlobalSection
EndGlobal
